{
  "name": "precious-metals",
  "version": "0.1.0",
  "lockfileVersion": 3,
  "requires": true,
  "packages": {
    "": {
      "name": "precious-metals",
      "version": "0.1.0",
      "license": "MIT",
      "workspaces": [
        "backend",
        "frontend"
      ]
    },
    "backend": {
      "name": "precious-metals-backend",
      "version": "0.1.0",
      "license": "MIT"
    },
    "frontend": {
      "name": "precious-metals-frontend",
      "version": "0.1.0",
      "license": "MIT"
    },
    "node_modules/precious-metals-backend": {
      "resolved": "backend",
      "link": true
    },
    "node_modules/precious-metals-frontend": {
      "resolved": "frontend",
      "link": true
    }
  }
}
